
Microsoft Visual Studio Solution File, Format Version 12.00
# Visual Studio Version 17
VisualStudioVersion = 17.4.33213.308
MinimumVisualStudioVersion = 10.0.40219.1
Project("{FAE04EC0-301F-11D3-BF4B-00C04F79EFBC}") = "CalculationLibrary", "CalculationLibrary\CalculationLibrary.csproj", "{06EA6AF3-2233-4945-8095-090E40DC1C43}"
EndProject
Project("{FAE04EC0-301F-11D3-BF4B-00C04F79EFBC}") = "CalculationLibrary.Tests", "CalculationLibrary.Tests\CalculationLibrary.Tests.csproj", "{581656CE-4B12-40DA-9018-E1798BE49793}"
EndProject
Global
	GlobalSection(SolutionConfigurationPlatforms) = preSolution
		Debug|Any CPU = Debug|Any CPU
		Release|Any CPU = Release|Any CPU
	EndGlobalSection
	GlobalSection(ProjectConfigurationPlatforms) = postSolution
		{06EA6AF3-2233-4945-8095-090E40DC1C43}.Debug|Any CPU.ActiveCfg = Debug|Any CPU
		{06EA6AF3-2233-4945-8095-090E40DC1C43}.Debug|Any CPU.Build.0 = Debug|Any CPU
		{06EA6AF3-2233-4945-8095-090E40DC1C43}.Release|Any CPU.ActiveCfg = Release|Any CPU
		{06EA6AF3-2233-4945-8095-090E40DC1C43}.Release|Any CPU.Build.0 = Release|Any CPU
		{581656CE-4B12-40DA-9018-E1798BE49793}.Debug|Any CPU.ActiveCfg = Debug|Any CPU
		{581656CE-4B12-40DA-9018-E1798BE49793}.Debug|Any CPU.Build.0 = Debug|Any CPU
		{581656CE-4B12-40DA-9018-E1798BE49793}.Release|Any CPU.ActiveCfg = Release|Any CPU
		{581656CE-4B12-40DA-9018-E1798BE49793}.Release|Any CPU.Build.0 = Release|Any CPU
	EndGlobalSection
	GlobalSection(SolutionProperties) = preSolution
		HideSolutionNode = FALSE
	EndGlobalSection
	GlobalSection(ExtensibilityGlobals) = postSolution
		SolutionGuid = {79B704E8-9D47-4A51-946F-FFEAAABDFE4B}
	EndGlobalSection
EndGlobal
